Microsoft Visual Studio Solution File, Format Version 12.00
# Visual Studio Version 17
VisualStudioVersion = 17.5.2.0
MinimumVisualStudioVersion = 10.0.40219.1
Project("{FAE04EC0-301F-11D3-BF4B-00C04F79EFBC}") = "DocShareApi", "DocShareApi.csproj", "{E1DE6E4E-A843-F8AA-AFEA-0D368133B3BF}"
EndProject
Global
	GlobalSection(SolutionConfigurationPlatforms) = preSolution
		Debug|Any CPU = Debug|Any CPU
		Release|Any CPU = Release|Any CPU
	EndGlobalSection
	GlobalSection(ProjectConfigurationPlatforms) = postSolution
		{E1DE6E4E-A843-F8AA-AFEA-0D368133B3BF}.Debug|Any CPU.ActiveCfg = Debug|Any CPU
		{E1DE6E4E-A843-F8AA-AFEA-0D368133B3BF}.Debug|Any CPU.Build.0 = Debug|Any CPU
		{E1DE6E4E-A843-F8AA-AFEA-0D368133B3BF}.Release|Any CPU.ActiveCfg = Release|Any CPU
		{E1DE6E4E-A843-F8AA-AFEA-0D368133B3BF}.Release|Any CPU.Build.0 = Release|Any CPU
	EndGlobalSection
	GlobalSection(SolutionProperties) = preSolution
		HideSolutionNode = FALSE
	EndGlobalSection
	GlobalSection(ExtensibilityGlobals) = postSolution
		SolutionGuid = {8614E13F-9338-4140-9C3B-6358C6E97E9C}
	EndGlobalSection
EndGlobal
