
Microsoft Visual Studio Solution File, Format Version 12.00
# Visual Studio Version 17
VisualStudioVersion = 17.13.35931.197 d17.13
MinimumVisualStudioVersion = 10.0.40219.1
Project("{FAE04EC0-301F-11D3-BF4B-00C04F79EFBC}") = "FirstApp", "FirstApp.csproj", "{5A870754-7C0F-4D36-BB75-47839F1526DC}"
EndProject
Global
	GlobalSection(SolutionConfigurationPlatforms) = preSolution
		Debug|Any CPU = Debug|Any CPU
		Release|Any CPU = Release|Any CPU
	EndGlobalSection
	GlobalSection(ProjectConfigurationPlatforms) = postSolution
		{5A870754-7C0F-4D36-BB75-47839F1526DC}.Debug|Any CPU.ActiveCfg = Debug|Any CPU
		{5A870754-7C0F-4D36-BB75-47839F1526DC}.Debug|Any CPU.Build.0 = Debug|Any CPU
		{5A870754-7C0F-4D36-BB75-47839F1526DC}.Release|Any CPU.ActiveCfg = Release|Any CPU
		{5A870754-7C0F-4D36-BB75-47839F1526DC}.Release|Any CPU.Build.0 = Release|Any CPU
	EndGlobalSection
	GlobalSection(SolutionProperties) = preSolution
		HideSolutionNode = FALSE
	EndGlobalSection
	GlobalSection(ExtensibilityGlobals) = postSolution
		SolutionGuid = {FAE3D4DA-3578-4D75-AAAA-69C4DE0EFF2C}
	EndGlobalSection
EndGlobal
