Microsoft Visual Studio Solution File, Format Version 12.00
# Visual Studio Version 17
VisualStudioVersion = 17.5.2.0
MinimumVisualStudioVersion = 10.0.40219.1
Project("{FAE04EC0-301F-11D3-BF4B-00C04F79EFBC}") = "PropFinderApi", "PropFinderApi\PropFinderApi.csproj", "{9F8E85D1-DB8C-279F-6B1E-3A314B6A467A}"
EndProject
Project("{FAE04EC0-301F-11D3-BF4B-00C04F79EFBC}") = "PropFinderApi.Test", "PropFinderApi.Test\PropFinderApi.Test.csproj", "{E451165C-EC40-459B-8F2D-BDA1044C9B7D}"
EndProject
Global
	GlobalSection(SolutionConfigurationPlatforms) = preSolution
		Debug|Any CPU = Debug|Any CPU
		Release|Any CPU = Release|Any CPU
	EndGlobalSection
	GlobalSection(ProjectConfigurationPlatforms) = postSolution
		{9F8E85D1-DB8C-279F-6B1E-3A314B6A467A}.Debug|Any CPU.ActiveCfg = Debug|Any CPU
		{9F8E85D1-DB8C-279F-6B1E-3A314B6A467A}.Debug|Any CPU.Build.0 = Debug|Any CPU
		{9F8E85D1-DB8C-279F-6B1E-3A314B6A467A}.Release|Any CPU.ActiveCfg = Release|Any CPU
		{9F8E85D1-DB8C-279F-6B1E-3A314B6A467A}.Release|Any CPU.Build.0 = Release|Any CPU
		{E451165C-EC40-459B-8F2D-BDA1044C9B7D}.Debug|Any CPU.ActiveCfg = Debug|Any CPU
		{E451165C-EC40-459B-8F2D-BDA1044C9B7D}.Debug|Any CPU.Build.0 = Debug|Any CPU
		{E451165C-EC40-459B-8F2D-BDA1044C9B7D}.Release|Any CPU.ActiveCfg = Release|Any CPU
		{E451165C-EC40-459B-8F2D-BDA1044C9B7D}.Release|Any CPU.Build.0 = Release|Any CPU
	EndGlobalSection
	GlobalSection(SolutionProperties) = preSolution
		HideSolutionNode = FALSE
	EndGlobalSection
	GlobalSection(ExtensibilityGlobals) = postSolution
		SolutionGuid = {B3E8CE88-685B-440F-84A2-54FE593E0314}
	EndGlobalSection
EndGlobal
